Microsoft Visual Studio Solution File, Format Version 12.00
# Visual Studio Version 17
VisualStudioVersion = 17.5.2.0
MinimumVisualStudioVersion = 10.0.40219.1
Project("{FAE04EC0-301F-11D3-BF4B-00C04F79EFBC}") = "RouteSummator", "RouteSummator.csproj", "{DF29F655-9ED3-228B-651D-9C41ECA7498E}"
EndProject
Global
	GlobalSection(SolutionConfigurationPlatforms) = preSolution
		Debug|Any CPU = Debug|Any CPU
		Release|Any CPU = Release|Any CPU
	EndGlobalSection
	GlobalSection(ProjectConfigurationPlatforms) = postSolution
		{DF29F655-9ED3-228B-651D-9C41ECA7498E}.Debug|Any CPU.ActiveCfg = Debug|Any CPU
		{DF29F655-9ED3-228B-651D-9C41ECA7498E}.Debug|Any CPU.Build.0 = Debug|Any CPU
		{DF29F655-9ED3-228B-651D-9C41ECA7498E}.Release|Any CPU.ActiveCfg = Release|Any CPU
		{DF29F655-9ED3-228B-651D-9C41ECA7498E}.Release|Any CPU.Build.0 = Release|Any CPU
	EndGlobalSection
	GlobalSection(SolutionProperties) = preSolution
		HideSolutionNode = FALSE
	EndGlobalSection
	GlobalSection(ExtensibilityGlobals) = postSolution
		SolutionGuid = {02E53F92-B995-4604-9657-0850987D64E2}
	EndGlobalSection
EndGlobal
