Microsoft Visual Studio Solution File, Format Version 12.00
# Visual Studio Version 18
VisualStudioVersion = 18.4.11626.88 stable
MinimumVisualStudioVersion = 10.0.40219.1
Project("{FAE04EC0-301F-11D3-BF4B-00C04F79EFBC}") = "RouteSummator", "RouteSummator.csproj", "{B1015F2C-5F61-406A-9AE8-2433C5869F3A}"
EndProject
Global
	GlobalSection(SolutionConfigurationPlatforms) = preSolution
		Debug|Any CPU = Debug|Any CPU
		Release|Any CPU = Release|Any CPU
	EndGlobalSection
	GlobalSection(ProjectConfigurationPlatforms) = postSolution
		{B1015F2C-5F61-406A-9AE8-2433C5869F3A}.Debug|Any CPU.ActiveCfg = Debug|Any CPU
		{B1015F2C-5F61-406A-9AE8-2433C5869F3A}.Debug|Any CPU.Build.0 = Debug|Any CPU
		{B1015F2C-5F61-406A-9AE8-2433C5869F3A}.Release|Any CPU.ActiveCfg = Release|Any CPU
		{B1015F2C-5F61-406A-9AE8-2433C5869F3A}.Release|Any CPU.Build.0 = Release|Any CPU
	EndGlobalSection
	GlobalSection(SolutionProperties) = preSolution
		HideSolutionNode = FALSE
	EndGlobalSection
	GlobalSection(ExtensibilityGlobals) = postSolution
		SolutionGuid = {02E53F92-B995-4604-9657-0850987D64E2}
	EndGlobalSection
EndGlobal
